// !$*UTF8*$!
{
	archiveVersion = 1;
	classes = {
	};
	objectVersion = 56;
	objects = {

/* Begin PBXBuildFile section */
		4FD5579F2B0F99CF0063A9E2 /* Prime_Factors_TDDApp.swift in Sources */ = {isa = PBXBuildFile; fileRef = 4FD5579E2B0F99CF0063A9E2 /* Prime_Factors_TDDApp.swift */; };
		4FD557A12B0F99CF0063A9E2 /* ContentView.swift in Sources */ = {isa = PBXBuildFile; fileRef = 4FD557A02B0F99CF0063A9E2 /* ContentView.swift */; };
		4FD557A32B0F99D20063A9E2 /* Assets.xcassets in Resources */ = {isa = PBXBuildFile; fileRef = 4FD557A22B0F99D20063A9E2 /* Assets.xcassets */; };
		4FD557A62B0F99D20063A9E2 /* Preview Assets.xcassets in Resources */ = {isa = PBXBuildFile; fileRef = 4FD557A52B0F99D20063A9E2 /* Preview Assets.xcassets */; };
		4FD557B02B0F99D20063A9E2 /* Prime_Factors_TDDTests.swift in Sources */ = {isa = PBXBuildFile; fileRef = 4FD557AF2B0F99D20063A9E2 /* Prime_Factors_TDDTests.swift */; };
		4FD557BA2B0F99D20063A9E2 /* Prime_Factors_TDDUITests.swift in Sources */ = {isa = PBXBuildFile; fileRef = 4FD557B92B0F99D20063A9E2 /* Prime_Factors_TDDUITests.swift */; };
		4FD557BC2B0F99D20063A9E2 /* Prime_Factors_TDDUITestsLaunchTests.swift in Sources */ = {isa = PBXBuildFile; fileRef = 4FD557BB2B0F99D20063A9E2 /* Prime_Factors_TDDUITestsLaunchTests.swift */; };
/* End PBXBuildFile section */

/* Begin PBXContainerItemProxy section */
		4FD557AC2B0F99D20063A9E2 /* PBXContainerItemProxy */ = {
			isa = PBXContainerItemProxy;
			containerPortal = 4FD557932B0F99CF0063A9E2 /* Project object */;
			proxyType = 1;
			remoteGlobalIDString = 4FD5579A2B0F99CF0063A9E2;
			remoteInfo = "Prime Factors TDD";
		};
		4FD557B62B0F99D20063A9E2 /* PBXContainerItemProxy */ = {
			isa = PBXContainerItemProxy;
			containerPortal = 4FD557932B0F99CF0063A9E2 /* Project object */;
			proxyType = 1;
			remoteGlobalIDString = 4FD5579A2B0F99CF0063A9E2;
			remoteInfo = "Prime Factors TDD";
		};
/* End PBXContainerItemProxy section */

/* Begin PBXFileReference section */
		4FD5579B2B0F99CF0063A9E2 /* Prime Factors TDD.app */ = {isa = PBXFileReference; explicitFileType = wrapper.application; includeInIndex = 0; path = "Prime Factors TDD.app"; sourceTree = BUILT_PRODUCTS_DIR; };
		4FD5579E2B0F99CF0063A9E2 /* Prime_Factors_TDDApp.swift */ = {isa = PBXFileReference; lastKnownFileType = sourcecode.swift; path = Prime_Factors_TDDApp.swift; sourceTree = "<group>"; };
		4FD557A02B0F99CF0063A9E2 /* ContentView.swift */ = {isa = PBXFileReference; lastKnownFileType = sourcecode.swift; path = ContentView.swift; sourceTree = "<group>"; };
		4FD557A22B0F99D20063A9E2 /* Assets.xcassets */ = {isa = PBXFileReference; lastKnownFileType = folder.assetcatalog; path = Assets.xcassets; sourceTree = "<group>"; };
		4FD557A52B0F99D20063A9E2 /* Preview Assets.xcassets */ = {isa = PBXFileReference; lastKnownFileType = folder.assetcatalog; path = "Preview Assets.xcassets"; sourceTree = "<group>"; };
		4FD557AB2B0F99D20063A9E2 /* Prime Factors TDDTests.xctest */ = {isa = PBXFileReference; explicitFileType = wrapper.cfbundle; includeInIndex = 0; path = "Prime Factors TDDTests.xctest"; sourceTree = BUILT_PRODUCTS_DIR; };
		4FD557AF2B0F99D20063A9E2 /* Prime_Factors_TDDTests.swift */ = {isa = PBXFileReference; lastKnownFileType = sourcecode.swift; path = Prime_Factors_TDDTests.swift; sourceTree = "<group>"; };
		4FD557B52B0F99D20063A9E2 /* Prime Factors TDDUITests.xctest */ = {isa = PBXFileReference; explicitFileType = wrapper.cfbundle; includeInIndex = 0; path = "Prime Factors TDDUITests.xctest"; sourceTree = BUILT_PRODUCTS_DIR; };
		4FD557B92B0F99D20063A9E2 /* Prime_Factors_TDDUITests.swift */ = {isa = PBXFileReference; lastKnownFileType = sourcecode.swift; path = Prime_Factors_TDDUITests.swift; sourceTree = "<group>"; };
		4FD557BB2B0F99D20063A9E2 /* Prime_Factors_TDDUITestsLaunchTests.swift */ = {isa = PBXFileReference; lastKnownFileType = sourcecode.swift; path = Prime_Factors_TDDUITestsLaunchTests.swift; sourceTree = "<group>"; };
/* End PBXFileReference section */

/* Begin PBXFrameworksBuildPhase section */
		4FD557982B0F99CF0063A9E2 /* Frameworks */ = {
			isa = PBXFrameworksBuildPhase;
			buildActionMask = 2147483647;
			files = (
			);
			runOnlyForDeploymentPostprocessing = 0;
		};
		4FD557A82B0F99D20063A9E2 /* Frameworks */ = {
			isa = PBXFrameworksBuildPhase;
			buildActionMask = 2147483647;
			files = (
			);
			runOnlyForDeploymentPostprocessing = 0;
		};
		4FD557B22B0F99D20063A9E2 /* Frameworks */ = {
			isa = PBXFrameworksBuildPhase;
			buildActionMask = 2147483647;
			files = (
			);
			runOnlyForDeploymentPostprocessing = 0;
		};
/* End PBXFrameworksBuildPhase section */

/* Begin PBXGroup section */
		4FD557922B0F99CF0063A9E2 = {
			isa = PBXGroup;
			children = (
				4FD5579D2B0F99CF0063A9E2 /* Prime Factors TDD */,
				4FD557AE2B0F99D20063A9E2 /* Prime Factors TDDTests */,
				4FD557B82B0F99D20063A9E2 /* Prime Factors TDDUITests */,
				4FD5579C2B0F99CF0063A9E2 /* Products */,
			);
			sourceTree = "<group>";
		};
		4FD5579C2B0F99CF0063A9E2 /* Products */ = {
			isa = PBXGroup;
			children = (
				4FD5579B2B0F99CF0063A9E2 /* Prime Factors TDD.app */,
				4FD557AB2B0F99D20063A9E2 /* Prime Factors TDDTests.xctest */,
				4FD557B52B0F99D20063A9E2 /* Prime Factors TDDUITests.xctest */,
			);
			name = Products;
			sourceTree = "<group>";
		};
		4FD5579D2B0F99CF0063A9E2 /* Prime Factors TDD */ = {
			isa = PBXGroup;
			children = (
				4FD5579E2B0F99CF0063A9E2 /* Prime_Factors_TDDApp.swift */,
				4FD557A02B0F99CF0063A9E2 /* ContentView.swift */,
				4FD557A22B0F99D20063A9E2 /* Assets.xcassets */,
				4FD557A42B0F99D20063A9E2 /* Preview Content */,
			);
			path = "Prime Factors TDD";
			sourceTree = "<group>";
		};
		4FD557A42B0F99D20063A9E2 /* Preview Content */ = {
			isa = PBXGroup;
			children = (
				4FD557A52B0F99D20063A9E2 /* Preview Assets.xcassets */,
			);
			path = "Preview Content";
			sourceTree = "<group>";
		};
		4FD557AE2B0F99D20063A9E2 /* Prime Factors TDDTests */ = {
			isa = PBXGroup;
			children = (
				4FD557AF2B0F99D20063A9E2 /* Prime_Factors_TDDTests.swift */,
			);
			path = "Prime Factors TDDTests";
			sourceTree = "<group>";
		};
		4FD557B82B0F99D20063A9E2 /* Prime Factors TDDUITests */ = {
			isa = PBXGroup;
			children = (
				4FD557B92B0F99D20063A9E2 /* Prime_Factors_TDDUITests.swift */,
				4FD557BB2B0F99D20063A9E2 /* Prime_Factors_TDDUITestsLaunchTests.swift */,
			);
			path = "Prime Factors TDDUITests";
			sourceTree = "<group>";
		};
/* End PBXGroup section */

/* Begin PBXNativeTarget section */
		4FD5579A2B0F99CF0063A9E2 /* Prime Factors TDD */ = {
			isa = PBXNativeTarget;
			buildConfigurationList = 4FD557BF2B0F99D20063A9E2 /* Build configuration list for PBXNativeTarget "Prime Factors TDD" */;
			buildPhases = (
				4FD557972B0F99CF0063A9E2 /* Sources */,
				4FD557982B0F99CF0063A9E2 /* Frameworks */,
				4FD557992B0F99CF0063A9E2 /* Resources */,
			);
			buildRules = (
			);
			dependencies = (
			);
			name = "Prime Factors TDD";
			productName = "Prime Factors TDD";
			productReference = 4FD5579B2B0F99CF0063A9E2 /* Prime Factors TDD.app */;
			productType = "com.apple.product-type.application";
		};
		4FD557AA2B0F99D20063A9E2 /* Prime Factors TDDTests */ = {
			isa = PBXNativeTarget;
			buildConfigurationList = 4FD557C22B0F99D20063A9E2 /* Build configuration list for PBXNativeTarget "Prime Factors TDDTests" */;
			buildPhases = (
				4FD557A72B0F99D20063A9E2 /* Sources */,
				4FD557A82B0F99D20063A9E2 /* Frameworks */,
				4FD557A92B0F99D20063A9E2 /* Resources */,
			);
			buildRules = (
			);
			dependencies = (
				4FD557AD2B0F99D20063A9E2 /* PBXTargetDependency */,
			);
			name = "Prime Factors TDDTests";
			productName = "Prime Factors TDDTests";
			productReference = 4FD557AB2B0F99D20063A9E2 /* Prime Factors TDDTests.xctest */;
			productType = "com.apple.product-type.bundle.unit-test";
		};
		4FD557B42B0F99D20063A9E2 /* Prime Factors TDDUITests */ = {
			isa = PBXNativeTarget;
			buildConfigurationList = 4FD557C52B0F99D20063A9E2 /* Build configuration list for PBXNativeTarget "Prime Factors TDDUITests" */;
			buildPhases = (
				4FD557B12B0F99D20063A9E2 /* Sources */,
				4FD557B22B0F99D20063A9E2 /* Frameworks */,
				4FD557B32B0F99D20063A9E2 /* Resources */,
			);
			buildRules = (
			);
			dependencies = (
				4FD557B72B0F99D20063A9E2 /* PBXTargetDependency */,
			);
			name = "Prime Factors TDDUITests";
			productName = "Prime Factors TDDUITests";
			productReference = 4FD557B52B0F99D20063A9E2 /* Prime Factors TDDUITests.xctest */;
			productType = "com.apple.product-type.bundle.ui-testing";
		};
/* End PBXNativeTarget section */

/* Begin PBXProject section */
		4FD557932B0F99CF0063A9E2 /* Project object */ = {
			isa = PBXProject;
			attributes = {
				BuildIndependentTargetsInParallel = 1;
				LastSwiftUpdateCheck = 1500;
				LastUpgradeCheck = 1500;
				TargetAttributes = {
					4FD5579A2B0F99CF0063A9E2 = {
						CreatedOnToolsVersion = 15.0.1;
					};
					4FD557AA2B0F99D20063A9E2 = {
						CreatedOnToolsVersion = 15.0.1;
						TestTargetID = 4FD5579A2B0F99CF0063A9E2;
					};
					4FD557B42B0F99D20063A9E2 = {
						CreatedOnToolsVersion = 15.0.1;
						TestTargetID = 4FD5579A2B0F99CF0063A9E2;
					};
				};
			};
			buildConfigurationList = 4FD557962B0F99CF0063A9E2 /* Build configuration list for PBXProject "Prime Factors TDD" */;
			compatibilityVersion = "Xcode 14.0";
			developmentRegion = en;
			hasScannedForEncodings = 0;
			knownRegions = (
				en,
				Base,
			);
			mainGroup = 4FD557922B0F99CF0063A9E2;
			productRefGroup = 4FD5579C2B0F99CF0063A9E2 /* Products */;
			projectDirPath = "";
			projectRoot = "";
			targets = (
				4FD5579A2B0F99CF0063A9E2 /* Prime Factors TDD */,
				4FD557AA2B0F99D20063A9E2 /* Prime Factors TDDTests */,
				4FD557B42B0F99D20063A9E2 /* Prime Factors TDDUITests */,
			);
		};
/* End PBXProject section */

/* Begin PBXResourcesBuildPhase section */
		4FD557992B0F99CF0063A9E2 /* Resources */ = {
			isa = PBXResourcesBuildPhase;
			buildActionMask = 2147483647;
			files = (
				4FD557A62B0F99D20063A9E2 /* Preview Assets.xcassets in Resources */,
				4FD557A32B0F99D20063A9E2 /* Assets.xcassets in Resources */,
			);
			runOnlyForDeploymentPostprocessing = 0;
		};
		4FD557A92B0F99D20063A9E2 /* Resources */ = {
			isa = PBXResourcesBuildPhase;
			buildActionMask = 2147483647;
			files = (
			);
			runOnlyForDeploymentPostprocessing = 0;
		};
		4FD557B32B0F99D20063A9E2 /* Resources */ = {
			isa = PBXResourcesBuildPhase;
			buildActionMask = 2147483647;
			files = (
			);
			runOnlyForDeploymentPostprocessing = 0;
		};
/* End PBXResourcesBuildPhase section */

/* Begin PBXSourcesBuildPhase section */
		4FD557972B0F99CF0063A9E2 /* Sources */ = {
			isa = PBXSourcesBuildPhase;
			buildActionMask = 2147483647;
			files = (
				4FD557A12B0F99CF0063A9E2 /* ContentView.swift in Sources */,
				4FD5579F2B0F99CF0063A9E2 /* Prime_Factors_TDDApp.swift in Sources */,
			);
			runOnlyForDeploymentPostprocessing = 0;
		};
		4FD557A72B0F99D20063A9E2 /* Sources */ = {
			isa = PBXSourcesBuildPhase;
			buildActionMask = 2147483647;
			files = (
				4FD557B02B0F99D20063A9E2 /* Prime_Factors_TDDTests.swift in Sources */,
			);
			runOnlyForDeploymentPostprocessing = 0;
		};
		4FD557B12B0F99D20063A9E2 /* Sources */ = {
			isa = PBXSourcesBuildPhase;
			buildActionMask = 2147483647;
			files = (
				4FD557BC2B0F99D20063A9E2 /* Prime_Factors_TDDUITestsLaunchTests.swift in Sources */,
				4FD557BA2B0F99D20063A9E2 /* Prime_Factors_TDDUITests.swift in Sources */,
			);
			runOnlyForDeploymentPostprocessing = 0;
		};
/* End PBXSourcesBuildPhase section */

/* Begin PBXTargetDependency section */
		4FD557AD2B0F99D20063A9E2 /* PBXTargetDependency */ = {
			isa = PBXTargetDependency;
			target = 4FD5579A2B0F99CF0063A9E2 /* Prime Factors TDD */;
			targetProxy = 4FD557AC2B0F99D20063A9E2 /* PBXContainerItemProxy */;
		};
		4FD557B72B0F99D20063A9E2 /* PBXTargetDependency */ = {
			isa = PBXTargetDependency;
			target = 4FD5579A2B0F99CF0063A9E2 /* Prime Factors TDD */;
			targetProxy = 4FD557B62B0F99D20063A9E2 /* PBXContainerItemProxy */;
		};
/* End PBXTargetDependency section */

/* Begin XCBuildConfiguration section */
		4FD557BD2B0F99D20063A9E2 /* Debug */ = {
			isa = XCBuildConfiguration;
			buildSettings = {
				ALWAYS_SEARCH_USER_PATHS = NO;
				ASSETCATALOG_COMPILER_GENERATE_SWIFT_ASSET_SYMBOL_EXTENSIONS = YES;
				CLANG_ANALYZER_NONNULL = YES;
				CLANG_ANALYZER_NUMBER_OBJECT_CONVERSION = YES_AGGRESSIVE;
				CLANG_CXX_LANGUAGE_STANDARD = "gnu++20";
				CLANG_ENABLE_MODULES = YES;
				CLANG_ENABLE_OBJC_ARC = YES;
				CLANG_ENABLE_OBJC_WEAK = YES;
				CLANG_WARN_BLOCK_CAPTURE_AUTORELEASING = YES;
				CLANG_WARN_BOOL_CONVERSION = YES;
				CLANG_WARN_COMMA = YES;
				CLANG_WARN_CONSTANT_CONVERSION = YES;
				CLANG_WARN_DEPRECATED_OBJC_IMPLEMENTATIONS = YES;
				CLANG_WARN_DIRECT_OBJC_ISA_USAGE = YES_ERROR;
				CLANG_WARN_DOCUMENTATION_COMMENTS = YES;
				CLANG_WARN_EMPTY_BODY = YES;
				CLANG_WARN_ENUM_CONVERSION = YES;
				CLANG_WARN_INFINITE_RECURSION = YES;
				CLANG_WARN_INT_CONVERSION = YES;
				CLANG_WARN_NON_LITERAL_NULL_CONVERSION = YES;
				CLANG_WARN_OBJC_IMPLICIT_RETAIN_SELF = YES;
				CLANG_WARN_OBJC_LITERAL_CONVERSION = YES;
				CLANG_WARN_OBJC_ROOT_CLASS = YES_ERROR;
				CLANG_WARN_QUOTED_INCLUDE_IN_FRAMEWORK_HEADER = YES;
				CLANG_WARN_RANGE_LOOP_ANALYSIS = YES;
				CLANG_WARN_STRICT_PROTOTYPES = YES;
				CLANG_WARN_SUSPICIOUS_MOVE = YES;
				CLANG_WARN_UNGUARDED_AVAILABILITY = YES_AGGRESSIVE;
				CLANG_WARN_UNREACHABLE_CODE = YES;
				CLANG_WARN__DUPLICATE_METHOD_MATCH = YES;
				COPY_PHASE_STRIP = NO;
				DEBUG_INFORMATION_FORMAT = dwarf;
				ENABLE_STRICT_OBJC_MSGSEND = YES;
				ENABLE_TESTABILITY = YES;
				ENABLE_USER_SCRIPT_SANDBOXING = YES;
				GCC_C_LANGUAGE_STANDARD = gnu17;
				GCC_DYNAMIC_NO_PIC = NO;
				GCC_NO_COMMON_BLOCKS = YES;
				GCC_OPTIMIZATION_LEVEL = 0;
				GCC_PREPROCESSOR_DEFINITIONS = (
					"DEBUG=1",
					"$(inherited)",
				);
				GCC_WARN_64_TO_32_BIT_CONVERSION = YES;
				GCC_WARN_ABOUT_RETURN_TYPE = YES_ERROR;
				GCC_WARN_UNDECLARED_SELECTOR = YES;
				GCC_WARN_UNINITIALIZED_AUTOS = YES_AGGRESSIVE;
				GCC_WARN_UNUSED_FUNCTION = YES;
				GCC_WARN_UNUSED_VARIABLE = YES;
				IPHONEOS_DEPLOYMENT_TARGET = 17.0;
				LOCALIZATION_PREFERS_STRING_CATALOGS = YES;
				MTL_ENABLE_DEBUG_INFO = INCLUDE_SOURCE;
				MTL_FAST_MATH = YES;
				ONLY_ACTIVE_ARCH = YES;
				SDKROOT = iphoneos;
				SWIFT_ACTIVE_COMPILATION_CONDITIONS = "DEBUG $(inherited)";
				SWIFT_OPTIMIZATION_LEVEL = "-Onone";
			};
			name = Debug;
		};
		4FD557BE2B0F99D20063A9E2 /* Release */ = {
			isa = XCBuildConfiguration;
			buildSettings = {
				ALWAYS_SEARCH_USER_PATHS = NO;
				ASSETCATALOG_COMPILER_GENERATE_SWIFT_ASSET_SYMBOL_EXTENSIONS = YES;
				CLANG_ANALYZER_NONNULL = YES;
				CLANG_ANALYZER_NUMBER_OBJECT_CONVERSION = YES_AGGRESSIVE;
				CLANG_CXX_LANGUAGE_STANDARD = "gnu++20";
				CLANG_ENABLE_MODULES = YES;
				CLANG_ENABLE_OBJC_ARC = YES;
				CLANG_ENABLE_OBJC_WEAK = YES;
				CLANG_WARN_BLOCK_CAPTURE_AUTORELEASING = YES;
				CLANG_WARN_BOOL_CONVERSION = YES;
				CLANG_WARN_COMMA = YES;
				CLANG_WARN_CONSTANT_CONVERSION = YES;
				CLANG_WARN_DEPRECATED_OBJC_IMPLEMENTATIONS = YES;
				CLANG_WARN_DIRECT_OBJC_ISA_USAGE = YES_ERROR;
				CLANG_WARN_DOCUMENTATION_COMMENTS = YES;
				CLANG_WARN_EMPTY_BODY = YES;
				CLANG_WARN_ENUM_CONVERSION = YES;
				CLANG_WARN_INFINITE_RECURSION = YES;
				CLANG_WARN_INT_CONVERSION = YES;
				CLANG_WARN_NON_LITERAL_NULL_CONVERSION = YES;
				CLANG_WARN_OBJC_IMPLICIT_RETAIN_SELF = YES;
				CLANG_WARN_OBJC_LITERAL_CONVERSION = YES;
				CLANG_WARN_OBJC_ROOT_CLASS = YES_ERROR;
				CLANG_WARN_QUOTED_INCLUDE_IN_FRAMEWORK_HEADER = YES;
				CLANG_WARN_RANGE_LOOP_ANALYSIS = YES;
				CLANG_WARN_STRICT_PROTOTYPES = YES;
				CLANG_WARN_SUSPICIOUS_MOVE = YES;
				CLANG_WARN_UNGUARDED_AVAILABILITY = YES_AGGRESSIVE;
				CLANG_WARN_UNREACHABLE_CODE = YES;
				CLANG_WARN__DUPLICATE_METHOD_MATCH = YES;
				COPY_PHASE_STRIP = NO;
				DEBUG_INFORMATION_FORMAT = "dwarf-with-dsym";
				ENABLE_NS_ASSERTIONS = NO;
				ENABLE_STRICT_OBJC_MSGSEND = YES;
				ENABLE_USER_SCRIPT_SANDBOXING = YES;
				GCC_C_LANGUAGE_STANDARD = gnu17;
				GCC_NO_COMMON_BLOCKS = YES;
				GCC_WARN_64_TO_32_BIT_CONVERSION = YES;
				GCC_WARN_ABOUT_RETURN_TYPE = YES_ERROR;
				GCC_WARN_UNDECLARED_SELECTOR = YES;
				GCC_WARN_UNINITIALIZED_AUTOS = YES_AGGRESSIVE;
				GCC_WARN_UNUSED_FUNCTION = YES;
				GCC_WARN_UNUSED_VARIABLE = YES;
				IPHONEOS_DEPLOYMENT_TARGET = 17.0;
				LOCALIZATION_PREFERS_STRING_CATALOGS = YES;
				MTL_ENABLE_DEBUG_INFO = NO;
				MTL_FAST_MATH = YES;
				SDKROOT = iphoneos;
				SWIFT_COMPILATION_MODE = wholemodule;
				VALIDATE_PRODUCT = YES;
			};
			name = Release;
		};
		4FD557C02B0F99D20063A9E2 /* Debug */ = {
			isa = XCBuildConfiguration;
			buildSettings = {
				ASSETCATALOG_COMPILER_APPICON_NAME = AppIcon;
				ASSETCATALOG_COMPILER_GLOBAL_ACCENT_COLOR_NAME = AccentColor;
				CODE_SIGN_STYLE = Automatic;
				CURRENT_PROJECT_VERSION = 1;
				DEVELOPMENT_ASSET_PATHS = "\"Prime Factors TDD/Preview Content\"";
				DEVELOPMENT_TEAM = BQ55AJ4968;
				ENABLE_PREVIEWS = YES;
				GENERATE_INFOPLIST_FILE = YES;
				INFOPLIST_KEY_UIApplicationSceneManifest_Generation = YES;
				INFOPLIST_KEY_UIApplicationSupportsIndirectInputEvents = YES;
				INFOPLIST_KEY_UILaunchScreen_Generation = YES;
				INFOPLIST_KEY_UISupportedInterfaceOrientations_iPad = "UIInterfaceOrientationPortrait UIInterfaceOrientationPortraitUpsideDown UIInterfaceOrientationLandscapeLeft UIInterfaceOrientationLandscapeRight";
				INFOPLIST_KEY_UISupportedInterfaceOrientations_iPhone = "UIInterfaceOrientationPortrait UIInterfaceOrientationLandscapeLeft UIInterfaceOrientationLandscapeRight";
				LD_RUNPATH_SEARCH_PATHS = (
					"$(inherited)",
					"@executable_path/Frameworks",
				);
				MARKETING_VERSION = 1.0;
				PRODUCT_BUNDLE_IDENTIFIER = "self.Prime-Factors-TDD";
				PRODUCT_NAME = "$(TARGET_NAME)";
				SWIFT_EMIT_LOC_STRINGS = YES;
				SWIFT_VERSION = 5.0;
				TARGETED_DEVICE_FAMILY = "1,2";
			};
			name = Debug;
		};
		4FD557C12B0F99D20063A9E2 /* Release */ = {
			isa = XCBuildConfiguration;
			buildSettings = {
				ASSETCATALOG_COMPILER_APPICON_NAME = AppIcon;
				ASSETCATALOG_COMPILER_GLOBAL_ACCENT_COLOR_NAME = AccentColor;
				CODE_SIGN_STYLE = Automatic;
				CURRENT_PROJECT_VERSION = 1;
				DEVELOPMENT_ASSET_PATHS = "\"Prime Factors TDD/Preview Content\"";
				DEVELOPMENT_TEAM = BQ55AJ4968;
				ENABLE_PREVIEWS = YES;
				GENERATE_INFOPLIST_FILE = YES;
				INFOPLIST_KEY_UIApplicationSceneManifest_Generation = YES;
				INFOPLIST_KEY_UIApplicationSupportsIndirectInputEvents = YES;
				INFOPLIST_KEY_UILaunchScreen_Generation = YES;
				INFOPLIST_KEY_UISupportedInterfaceOrientations_iPad = "UIInterfaceOrientationPortrait UIInterfaceOrientationPortraitUpsideDown UIInterfaceOrientationLandscapeLeft UIInterfaceOrientationLandscapeRight";
				INFOPLIST_KEY_UISupportedInterfaceOrientations_iPhone = "UIInterfaceOrientationPortrait UIInterfaceOrientationLandscapeLeft UIInterfaceOrientationLandscapeRight";
				LD_RUNPATH_SEARCH_PATHS = (
					"$(inherited)",
					"@executable_path/Frameworks",
				);
				MARKETING_VERSION = 1.0;
				PRODUCT_BUNDLE_IDENTIFIER = "self.Prime-Factors-TDD";
				PRODUCT_NAME = "$(TARGET_NAME)";
				SWIFT_EMIT_LOC_STRINGS = YES;
				SWIFT_VERSION = 5.0;
				TARGETED_DEVICE_FAMILY = "1,2";
			};
			name = Release;
		};
		4FD557C32B0F99D20063A9E2 /* Debug */ = {
			isa = XCBuildConfiguration;
			buildSettings = {
				ALWAYS_EMBED_SWIFT_STANDARD_LIBRARIES = YES;
				BUNDLE_LOADER = "$(TEST_HOST)";
				CODE_SIGN_STYLE = Automatic;
				CURRENT_PROJECT_VERSION = 1;
				DEVELOPMENT_TEAM = BQ55AJ4968;
				GENERATE_INFOPLIST_FILE = YES;
				IPHONEOS_DEPLOYMENT_TARGET = 17.0;
				MARKETING_VERSION = 1.0;
				PRODUCT_BUNDLE_IDENTIFIER = "self.Prime-Factors-TDDTests";
				PRODUCT_NAME = "$(TARGET_NAME)";
				SWIFT_EMIT_LOC_STRINGS = NO;
				SWIFT_VERSION = 5.0;
				TARGETED_DEVICE_FAMILY = "1,2";
				TEST_HOST = "$(BUILT_PRODUCTS_DIR)/Prime Factors TDD.app/$(BUNDLE_EXECUTABLE_FOLDER_PATH)/Prime Factors TDD";
			};
			name = Debug;
		};
		4FD557C42B0F99D20063A9E2 /* Release */ = {
			isa = XCBuildConfiguration;
			buildSettings = {
				ALWAYS_EMBED_SWIFT_STANDARD_LIBRARIES = YES;
				BUNDLE_LOADER = "$(TEST_HOST)";
				CODE_SIGN_STYLE = Automatic;
				CURRENT_PROJECT_VERSION = 1;
				DEVELOPMENT_TEAM = BQ55AJ4968;
				GENERATE_INFOPLIST_FILE = YES;
				IPHONEOS_DEPLOYMENT_TARGET = 17.0;
				MARKETING_VERSION = 1.0;
				PRODUCT_BUNDLE_IDENTIFIER = "self.Prime-Factors-TDDTests";
				PRODUCT_NAME = "$(TARGET_NAME)";
				SWIFT_EMIT_LOC_STRINGS = NO;
				SWIFT_VERSION = 5.0;
				TARGETED_DEVICE_FAMILY = "1,2";
				TEST_HOST = "$(BUILT_PRODUCTS_DIR)/Prime Factors TDD.app/$(BUNDLE_EXECUTABLE_FOLDER_PATH)/Prime Factors TDD";
			};
			name = Release;
		};
		4FD557C62B0F99D20063A9E2 /* Debug */ = {
			isa = XCBuildConfiguration;
			buildSettings = {
				ALWAYS_EMBED_SWIFT_STANDARD_LIBRARIES = YES;
				CODE_SIGN_STYLE = Automatic;
				CURRENT_PROJECT_VERSION = 1;
				DEVELOPMENT_TEAM = BQ55AJ4968;
				GENERATE_INFOPLIST_FILE = YES;
				MARKETING_VERSION = 1.0;
				PRODUCT_BUNDLE_IDENTIFIER = "self.Prime-Factors-TDDUITests";
				PRODUCT_NAME = "$(TARGET_NAME)";
				SWIFT_EMIT_LOC_STRINGS = NO;
				SWIFT_VERSION = 5.0;
				TARGETED_DEVICE_FAMILY = "1,2";
				TEST_TARGET_NAME = "Prime Factors TDD";
			};
			name = Debug;
		};
		4FD557C72B0F99D20063A9E2 /* Release */ = {
			isa = XCBuildConfiguration;
			buildSettings = {
				ALWAYS_EMBED_SWIFT_STANDARD_LIBRARIES = YES;
				CODE_SIGN_STYLE = Automatic;
				CURRENT_PROJECT_VERSION = 1;
				DEVELOPMENT_TEAM = BQ55AJ4968;
				GENERATE_INFOPLIST_FILE = YES;
				MARKETING_VERSION = 1.0;
				PRODUCT_BUNDLE_IDENTIFIER = "self.Prime-Factors-TDDUITests";
				PRODUCT_NAME = "$(TARGET_NAME)";
				SWIFT_EMIT_LOC_STRINGS = NO;
				SWIFT_VERSION = 5.0;
				TARGETED_DEVICE_FAMILY = "1,2";
				TEST_TARGET_NAME = "Prime Factors TDD";
			};
			name = Release;
		};
/* End XCBuildConfiguration section */

/* Begin XCConfigurationList section */
		4FD557962B0F99CF0063A9E2 /* Build configuration list for PBXProject "Prime Factors TDD" */ = {
			isa = XCConfigurationList;
			buildConfigurations = (
				4FD557BD2B0F99D20063A9E2 /* Debug */,
				4FD557BE2B0F99D20063A9E2 /* Release */,
			);
			defaultConfigurationIsVisible = 0;
			defaultConfigurationName = Release;
		};
		4FD557BF2B0F99D20063A9E2 /* Build configuration list for PBXNativeTarget "Prime Factors TDD" */ = {
			isa = XCConfigurationList;
			buildConfigurations = (
				4FD557C02B0F99D20063A9E2 /* Debug */,
				4FD557C12B0F99D20063A9E2 /* Release */,
			);
			defaultConfigurationIsVisible = 0;
			defaultConfigurationName = Release;
		};
		4FD557C22B0F99D20063A9E2 /* Build configuration list for PBXNativeTarget "Prime Factors TDDTests" */ = {
			isa = XCConfigurationList;
			buildConfigurations = (
				4FD557C32B0F99D20063A9E2 /* Debug */,
				4FD557C42B0F99D20063A9E2 /* Release */,
			);
			defaultConfigurationIsVisible = 0;
			defaultConfigurationName = Release;
		};
		4FD557C52B0F99D20063A9E2 /* Build configuration list for PBXNativeTarget "Prime Factors TDDUITests" */ = {
			isa = XCConfigurationList;
			buildConfigurations = (
				4FD557C62B0F99D20063A9E2 /* Debug */,
				4FD557C72B0F99D20063A9E2 /* Release */,
			);
			defaultConfigurationIsVisible = 0;
			defaultConfigurationName = Release;
		};
/* End XCConfigurationList section */
	};
	rootObject = 4FD557932B0F99CF0063A9E2 /* Project object */;
}
